
Microsoft Visual Studio Solution File, Format Version 12.00
# Visual Studio Version 17
VisualStudioVersion = 17.10.35004.147
MinimumVisualStudioVersion = 10.0.40219.1
Project("{FAE04EC0-301F-11D3-BF4B-00C04F79EFBC}") = "CSharp3.1", "CSharp3.1.csproj", "{B7F328D5-2127-4103-9A98-42541932AFCC}"
EndProject
Global
	GlobalSection(SolutionConfigurationPlatforms) = preSolution
		Debug|Any CPU = Debug|Any CPU
		Release|Any CPU = Release|Any CPU
	EndGlobalSection
	GlobalSection(ProjectConfigurationPlatforms) = postSolution
		{B7F328D5-2127-4103-9A98-42541932AFCC}.Debug|Any CPU.ActiveCfg = Debug|Any CPU
		{B7F328D5-2127-4103-9A98-42541932AFCC}.Debug|Any CPU.Build.0 = Debug|Any CPU
		{B7F328D5-2127-4103-9A98-42541932AFCC}.Release|Any CPU.ActiveCfg = Release|Any CPU
		{B7F328D5-2127-4103-9A98-42541932AFCC}.Release|Any CPU.Build.0 = Release|Any CPU
	EndGlobalSection
	GlobalSection(SolutionProperties) = preSolution
		HideSolutionNode = FALSE
	EndGlobalSection
	GlobalSection(ExtensibilityGlobals) = postSolution
		SolutionGuid = {27619707-3596-4EB9-95EA-9D476BB41050}
	EndGlobalSection
EndGlobal
